
Microsoft Visual Studio Solution File, Format Version 12.00
# Visual Studio Version 17
VisualStudioVersion = 17.5.33516.290
MinimumVisualStudioVersion = 10.0.40219.1
Project("{FAE04EC0-301F-11D3-BF4B-00C04F79EFBC}") = "MdiPaint", "MdiPaint.csproj", "{E6AC08EA-6DB5-47D7-B492-A3678FCB5F1D}"
EndProject
Project("{FAE04EC0-301F-11D3-BF4B-00C04F79EFBC}") = "PluginInterface", "..\PluginInterface\PluginInterface.csproj", "{1B250A0E-3A48-43BB-83E6-CF7A16F91888}"
EndProject
Project("{FAE04EC0-301F-11D3-BF4B-00C04F79EFBC}") = "SobelPlugin", "..\SobelPlugin\SobelPlugin.csproj", "{9CA39155-6205-4E06-A47A-669AC195097A}"
EndProject
Project("{FAE04EC0-301F-11D3-BF4B-00C04F79EFBC}") = "ShufflePlugin", "..\ShufflePlugin\ShufflePlugin.csproj", "{A1477C5B-5A34-4751-8A8B-AA5C591F3A27}"
EndProject
Project("{FAE04EC0-301F-11D3-BF4B-00C04F79EFBC}") = "DatePlugin", "..\DatePlugin\DatePlugin.csproj", "{E213FCA5-C8BD-4A45-BB05-4231B14BD750}"
EndProject
Project("{FAE04EC0-301F-11D3-BF4B-00C04F79EFBC}") = "NegativePlugin", "..\NegativePlugin\NegativePlugin.csproj", "{260A4637-9231-4FD9-8B96-52C78A56F0ED}"
EndProject
Global
	GlobalSection(SolutionConfigurationPlatforms) = preSolution
		Debug|Any CPU = Debug|Any CPU
		Release|Any CPU = Release|Any CPU
	EndGlobalSection
	GlobalSection(ProjectConfigurationPlatforms) = postSolution
		{E6AC08EA-6DB5-47D7-B492-A3678FCB5F1D}.Debug|Any CPU.ActiveCfg = Debug|Any CPU
		{E6AC08EA-6DB5-47D7-B492-A3678FCB5F1D}.Debug|Any CPU.Build.0 = Debug|Any CPU
		{E6AC08EA-6DB5-47D7-B492-A3678FCB5F1D}.Release|Any CPU.ActiveCfg = Release|Any CPU
		{E6AC08EA-6DB5-47D7-B492-A3678FCB5F1D}.Release|Any CPU.Build.0 = Release|Any CPU
		{1B250A0E-3A48-43BB-83E6-CF7A16F91888}.Debug|Any CPU.ActiveCfg = Debug|Any CPU
		{1B250A0E-3A48-43BB-83E6-CF7A16F91888}.Debug|Any CPU.Build.0 = Debug|Any CPU
		{1B250A0E-3A48-43BB-83E6-CF7A16F91888}.Release|Any CPU.ActiveCfg = Release|Any CPU
		{1B250A0E-3A48-43BB-83E6-CF7A16F91888}.Release|Any CPU.Build.0 = Release|Any CPU
		{9CA39155-6205-4E06-A47A-669AC195097A}.Debug|Any CPU.ActiveCfg = Debug|Any CPU
		{9CA39155-6205-4E06-A47A-669AC195097A}.Debug|Any CPU.Build.0 = Debug|Any CPU
		{9CA39155-6205-4E06-A47A-669AC195097A}.Release|Any CPU.ActiveCfg = Release|Any CPU
		{9CA39155-6205-4E06-A47A-669AC195097A}.Release|Any CPU.Build.0 = Release|Any CPU
		{A1477C5B-5A34-4751-8A8B-AA5C591F3A27}.Debug|Any CPU.ActiveCfg = Debug|Any CPU
		{A1477C5B-5A34-4751-8A8B-AA5C591F3A27}.Debug|Any CPU.Build.0 = Debug|Any CPU
		{A1477C5B-5A34-4751-8A8B-AA5C591F3A27}.Release|Any CPU.ActiveCfg = Release|Any CPU
		{A1477C5B-5A34-4751-8A8B-AA5C591F3A27}.Release|Any CPU.Build.0 = Release|Any CPU
		{E213FCA5-C8BD-4A45-BB05-4231B14BD750}.Debug|Any CPU.ActiveCfg = Debug|Any CPU
		{E213FCA5-C8BD-4A45-BB05-4231B14BD750}.Debug|Any CPU.Build.0 = Debug|Any CPU
		{E213FCA5-C8BD-4A45-BB05-4231B14BD750}.Release|Any CPU.ActiveCfg = Release|Any CPU
		{E213FCA5-C8BD-4A45-BB05-4231B14BD750}.Release|Any CPU.Build.0 = Release|Any CPU
		{260A4637-9231-4FD9-8B96-52C78A56F0ED}.Debug|Any CPU.ActiveCfg = Debug|Any CPU
		{260A4637-9231-4FD9-8B96-52C78A56F0ED}.Debug|Any CPU.Build.0 = Debug|Any CPU
		{260A4637-9231-4FD9-8B96-52C78A56F0ED}.Release|Any CPU.ActiveCfg = Release|Any CPU
		{260A4637-9231-4FD9-8B96-52C78A56F0ED}.Release|Any CPU.Build.0 = Release|Any CPU
	EndGlobalSection
	GlobalSection(SolutionProperties) = preSolution
		HideSolutionNode = FALSE
	EndGlobalSection
	GlobalSection(ExtensibilityGlobals) = postSolution
		SolutionGuid = {60BD6D39-58C9-47F8-8EA1-625808291499}
	EndGlobalSection
EndGlobal
